
Microsoft Visual Studio Solution File, Format Version 12.00
# Visual Studio 14
VisualStudioVersion = 14.0.23107.0
MinimumVisualStudioVersion = 10.0.40219.1
Project("{FAE04EC0-301F-11D3-BF4B-00C04F79EFBC}") = "ProductService", "ProductService\ProductService.csproj", "{F1394252-70D9-45EB-AD43-D4E29C1D498C}"
EndProject
Project("{FAE04EC0-301F-11D3-BF4B-00C04F79EFBC}") = "ProductsClient", "ProductsClient\ProductsClient.csproj", "{8D78F3D7-9D61-4F51-806A-AB1BEA3E2189}"
EndProject
Project("{FAE04EC0-301F-11D3-BF4B-00C04F79EFBC}") = "ProductInterfaces", "ProductInterfaces\ProductInterfaces.csproj", "{615AACF5-47F8-4097-AAC4-11A49A2D28D2}"
EndProject
Project("{FAE04EC0-301F-11D3-BF4B-00C04F79EFBC}") = "TodoDatabase", "TodoDatabase\TodoDatabase.csproj", "{2211BA3C-DFE8-4BFA-A38B-8B5AA5EF6608}"
EndProject
Global
	GlobalSection(SolutionConfigurationPlatforms) = preSolution
		Debug|Any CPU = Debug|Any CPU
		Release|Any CPU = Release|Any CPU
	EndGlobalSection
	GlobalSection(ProjectConfigurationPlatforms) = postSolution
		{F1394252-70D9-45EB-AD43-D4E29C1D498C}.Debug|Any CPU.ActiveCfg = Debug|Any CPU
		{F1394252-70D9-45EB-AD43-D4E29C1D498C}.Debug|Any CPU.Build.0 = Debug|Any CPU
		{F1394252-70D9-45EB-AD43-D4E29C1D498C}.Release|Any CPU.ActiveCfg = Release|Any CPU
		{F1394252-70D9-45EB-AD43-D4E29C1D498C}.Release|Any CPU.Build.0 = Release|Any CPU
		{8D78F3D7-9D61-4F51-806A-AB1BEA3E2189}.Debug|Any CPU.ActiveCfg = Debug|Any CPU
		{8D78F3D7-9D61-4F51-806A-AB1BEA3E2189}.Debug|Any CPU.Build.0 = Debug|Any CPU
		{8D78F3D7-9D61-4F51-806A-AB1BEA3E2189}.Release|Any CPU.ActiveCfg = Release|Any CPU
		{8D78F3D7-9D61-4F51-806A-AB1BEA3E2189}.Release|Any CPU.Build.0 = Release|Any CPU
		{615AACF5-47F8-4097-AAC4-11A49A2D28D2}.Debug|Any CPU.ActiveCfg = Debug|Any CPU
		{615AACF5-47F8-4097-AAC4-11A49A2D28D2}.Debug|Any CPU.Build.0 = Debug|Any CPU
		{615AACF5-47F8-4097-AAC4-11A49A2D28D2}.Release|Any CPU.ActiveCfg = Release|Any CPU
		{615AACF5-47F8-4097-AAC4-11A49A2D28D2}.Release|Any CPU.Build.0 = Release|Any CPU
		{2211BA3C-DFE8-4BFA-A38B-8B5AA5EF6608}.Debug|Any CPU.ActiveCfg = Debug|Any CPU
		{2211BA3C-DFE8-4BFA-A38B-8B5AA5EF6608}.Debug|Any CPU.Build.0 = Debug|Any CPU
		{2211BA3C-DFE8-4BFA-A38B-8B5AA5EF6608}.Release|Any CPU.ActiveCfg = Release|Any CPU
		{2211BA3C-DFE8-4BFA-A38B-8B5AA5EF6608}.Release|Any CPU.Build.0 = Release|Any CPU
	EndGlobalSection
	GlobalSection(SolutionProperties) = preSolution
		HideSolutionNode = FALSE
	EndGlobalSection
EndGlobal
